// !$*UTF8*$!
{
	archiveVersion = 1;
	classes = {
	};
	objectVersion = 56;
	objects = {

/* Begin PBXBuildFile section */
		AA695CA2292BC84E0060E945 /* HighRollersApp.swift in Sources */ = {isa = PBXBuildFile; fileRef = AA695CA1292BC84E0060E945 /* HighRollersApp.swift */; };
		AA695CA4292BC84E0060E945 /* ContentView.swift in Sources */ = {isa = PBXBuildFile; fileRef = AA695CA3292BC84E0060E945 /* ContentView.swift */; };
		AA695CA6292BC8500060E945 /* Assets.xcassets in Resources */ = {isa = PBXBuildFile; fileRef = AA695CA5292BC8500060E945 /* Assets.xcassets */; };
		AA695CA9292BC8500060E945 /* Preview Assets.xcassets in Resources */ = {isa = PBXBuildFile; fileRef = AA695CA8292BC8500060E945 /* Preview Assets.xcassets */; };
		AA695CB3292BC8500060E945 /* HighRollersTests.swift in Sources */ = {isa = PBXBuildFile; fileRef = AA695CB2292BC8500060E945 /* HighRollersTests.swift */; };
		AA695CBD292BC8500060E945 /* HighRollersUITests.swift in Sources */ = {isa = PBXBuildFile; fileRef = AA695CBC292BC8500060E945 /* HighRollersUITests.swift */; };
		AA695CBF292BC8500060E945 /* HighRollersUITestsLaunchTests.swift in Sources */ = {isa = PBXBuildFile; fileRef = AA695CBE292BC8500060E945 /* HighRollersUITestsLaunchTests.swift */; };
		AA695CCC292BC97E0060E945 /* DiceResult.swift in Sources */ = {isa = PBXBuildFile; fileRef = AA695CCB292BC97E0060E945 /* DiceResult.swift */; };
		AA695CCE292BCAF70060E945 /* DiceRollView.swift in Sources */ = {isa = PBXBuildFile; fileRef = AA695CCD292BCAF70060E945 /* DiceRollView.swift */; };
		AA695CD0292BD73B0060E945 /* FileManager-DocumentsDirectory.swift in Sources */ = {isa = PBXBuildFile; fileRef = AA695CCF292BD73B0060E945 /* FileManager-DocumentsDirectory.swift */; };
/* End PBXBuildFile section */

/* Begin PBXContainerItemProxy section */
		AA695CAF292BC8500060E945 /* PBXContainerItemProxy */ = {
			isa = PBXContainerItemProxy;
			containerPortal = AA695C96292BC84E0060E945 /* Project object */;
			proxyType = 1;
			remoteGlobalIDString = AA695C9D292BC84E0060E945;
			remoteInfo = HighRollers;
		};
		AA695CB9292BC8500060E945 /* PBXContainerItemProxy */ = {
			isa = PBXContainerItemProxy;
			containerPortal = AA695C96292BC84E0060E945 /* Project object */;
			proxyType = 1;
			remoteGlobalIDString = AA695C9D292BC84E0060E945;
			remoteInfo = HighRollers;
		};
/* End PBXContainerItemProxy section */

/* Begin PBXFileReference section */
		AA695C9E292BC84E0060E945 /* HighRollers.app */ = {isa = PBXFileReference; explicitFileType = wrapper.application; includeInIndex = 0; path = HighRollers.app; sourceTree = BUILT_PRODUCTS_DIR; };
		AA695CA1292BC84E0060E945 /* HighRollersApp.swift */ = {isa = PBXFileReference; lastKnownFileType = sourcecode.swift; path = HighRollersApp.swift; sourceTree = "<group>"; };
		AA695CA3292BC84E0060E945 /* ContentView.swift */ = {isa = PBXFileReference; lastKnownFileType = sourcecode.swift; path = ContentView.swift; sourceTree = "<group>"; };
		AA695CA5292BC8500060E945 /* Assets.xcassets */ = {isa = PBXFileReference; lastKnownFileType = folder.assetcatalog; path = Assets.xcassets; sourceTree = "<group>"; };
		AA695CA8292BC8500060E945 /* Preview Assets.xcassets */ = {isa = PBXFileReference; lastKnownFileType = folder.assetcatalog; path = "Preview Assets.xcassets"; sourceTree = "<group>"; };
		AA695CAE292BC8500060E945 /* HighRollersTests.xctest */ = {isa = PBXFileReference; explicitFileType = wrapper.cfbundle; includeInIndex = 0; path = HighRollersTests.xctest; sourceTree = BUILT_PRODUCTS_DIR; };
		AA695CB2292BC8500060E945 /* HighRollersTests.swift */ = {isa = PBXFileReference; lastKnownFileType = sourcecode.swift; path = HighRollersTests.swift; sourceTree = "<group>"; };
		AA695CB8292BC8500060E945 /* HighRollersUITests.xctest */ = {isa = PBXFileReference; explicitFileType = wrapper.cfbundle; includeInIndex = 0; path = HighRollersUITests.xctest; sourceTree = BUILT_PRODUCTS_DIR; };
		AA695CBC292BC8500060E945 /* HighRollersUITests.swift */ = {isa = PBXFileReference; lastKnownFileType = sourcecode.swift; path = HighRollersUITests.swift; sourceTree = "<group>"; };
		AA695CBE292BC8500060E945 /* HighRollersUITestsLaunchTests.swift */ = {isa = PBXFileReference; lastKnownFileType = sourcecode.swift; path = HighRollersUITestsLaunchTests.swift; sourceTree = "<group>"; };
		AA695CCB292BC97E0060E945 /* DiceResult.swift */ = {isa = PBXFileReference; lastKnownFileType = sourcecode.swift; path = DiceResult.swift; sourceTree = "<group>"; };
		AA695CCD292BCAF70060E945 /* DiceRollView.swift */ = {isa = PBXFileReference; lastKnownFileType = sourcecode.swift; path = DiceRollView.swift; sourceTree = "<group>"; };
		AA695CCF292BD73B0060E945 /* FileManager-DocumentsDirectory.swift */ = {isa = PBXFileReference; lastKnownFileType = sourcecode.swift; path = "FileManager-DocumentsDirectory.swift"; sourceTree = "<group>"; };
/* End PBXFileReference section */

/* Begin PBXFrameworksBuildPhase section */
		AA695C9B292BC84E0060E945 /* Frameworks */ = {
			isa = PBXFrameworksBuildPhase;
			buildActionMask = 2147483647;
			files = (
			);
			runOnlyForDeploymentPostprocessing = 0;
		};
		AA695CAB292BC8500060E945 /* Frameworks */ = {
			isa = PBXFrameworksBuildPhase;
			buildActionMask = 2147483647;
			files = (
			);
			runOnlyForDeploymentPostprocessing = 0;
		};
		AA695CB5292BC8500060E945 /* Frameworks */ = {
			isa = PBXFrameworksBuildPhase;
			buildActionMask = 2147483647;
			files = (
			);
			runOnlyForDeploymentPostprocessing = 0;
		};
/* End PBXFrameworksBuildPhase section */

/* Begin PBXGroup section */
		AA695C95292BC84E0060E945 = {
			isa = PBXGroup;
			children = (
				AA695CA0292BC84E0060E945 /* HighRollers */,
				AA695CB1292BC8500060E945 /* HighRollersTests */,
				AA695CBB292BC8500060E945 /* HighRollersUITests */,
				AA695C9F292BC84E0060E945 /* Products */,
			);
			sourceTree = "<group>";
		};
		AA695C9F292BC84E0060E945 /* Products */ = {
			isa = PBXGroup;
			children = (
				AA695C9E292BC84E0060E945 /* HighRollers.app */,
				AA695CAE292BC8500060E945 /* HighRollersTests.xctest */,
				AA695CB8292BC8500060E945 /* HighRollersUITests.xctest */,
			);
			name = Products;
			sourceTree = "<group>";
		};
		AA695CA0292BC84E0060E945 /* HighRollers */ = {
			isa = PBXGroup;
			children = (
				AA695CA1292BC84E0060E945 /* HighRollersApp.swift */,
				AA695CA3292BC84E0060E945 /* ContentView.swift */,
				AA695CCD292BCAF70060E945 /* DiceRollView.swift */,
				AA695CCB292BC97E0060E945 /* DiceResult.swift */,
				AA695CCF292BD73B0060E945 /* FileManager-DocumentsDirectory.swift */,
				AA695CA5292BC8500060E945 /* Assets.xcassets */,
				AA695CA7292BC8500060E945 /* Preview Content */,
			);
			path = HighRollers;
			sourceTree = "<group>";
		};
		AA695CA7292BC8500060E945 /* Preview Content */ = {
			isa = PBXGroup;
			children = (
				AA695CA8292BC8500060E945 /* Preview Assets.xcassets */,
			);
			path = "Preview Content";
			sourceTree = "<group>";
		};
		AA695CB1292BC8500060E945 /* HighRollersTests */ = {
			isa = PBXGroup;
			children = (
				AA695CB2292BC8500060E945 /* HighRollersTests.swift */,
			);
			path = HighRollersTests;
			sourceTree = "<group>";
		};
		AA695CBB292BC8500060E945 /* HighRollersUITests */ = {
			isa = PBXGroup;
			children = (
				AA695CBC292BC8500060E945 /* HighRollersUITests.swift */,
				AA695CBE292BC8500060E945 /* HighRollersUITestsLaunchTests.swift */,
			);
			path = HighRollersUITests;
			sourceTree = "<group>";
		};
/* End PBXGroup section */

/* Begin PBXNativeTarget section */
		AA695C9D292BC84E0060E945 /* HighRollers */ = {
			isa = PBXNativeTarget;
			buildConfigurationList = AA695CC2292BC8500060E945 /* Build configuration list for PBXNativeTarget "HighRollers" */;
			buildPhases = (
				AA695C9A292BC84E0060E945 /* Sources */,
				AA695C9B292BC84E0060E945 /* Frameworks */,
				AA695C9C292BC84E0060E945 /* Resources */,
			);
			buildRules = (
			);
			dependencies = (
			);
			name = HighRollers;
			productName = HighRollers;
			productReference = AA695C9E292BC84E0060E945 /* HighRollers.app */;
			productType = "com.apple.product-type.application";
		};
		AA695CAD292BC8500060E945 /* HighRollersTests */ = {
			isa = PBXNativeTarget;
			buildConfigurationList = AA695CC5292BC8500060E945 /* Build configuration list for PBXNativeTarget "HighRollersTests" */;
			buildPhases = (
				AA695CAA292BC8500060E945 /* Sources */,
				AA695CAB292BC8500060E945 /* Frameworks */,
				AA695CAC292BC8500060E945 /* Resources */,
			);
			buildRules = (
			);
			dependencies = (
				AA695CB0292BC8500060E945 /* PBXTargetDependency */,
			);
			name = HighRollersTests;
			productName = HighRollersTests;
			productReference = AA695CAE292BC8500060E945 /* HighRollersTests.xctest */;
			productType = "com.apple.product-type.bundle.unit-test";
		};
		AA695CB7292BC8500060E945 /* HighRollersUITests */ = {
			isa = PBXNativeTarget;
			buildConfigurationList = AA695CC8292BC8500060E945 /* Build configuration list for PBXNativeTarget "HighRollersUITests" */;
			buildPhases = (
				AA695CB4292BC8500060E945 /* Sources */,
				AA695CB5292BC8500060E945 /* Frameworks */,
				AA695CB6292BC8500060E945 /* Resources */,
			);
			buildRules = (
			);
			dependencies = (
				AA695CBA292BC8500060E945 /* PBXTargetDependency */,
			);
			name = HighRollersUITests;
			productName = HighRollersUITests;
			productReference = AA695CB8292BC8500060E945 /* HighRollersUITests.xctest */;
			productType = "com.apple.product-type.bundle.ui-testing";
		};
/* End PBXNativeTarget section */

/* Begin PBXProject section */
		AA695C96292BC84E0060E945 /* Project object */ = {
			isa = PBXProject;
			attributes = {
				BuildIndependentTargetsInParallel = 1;
				LastSwiftUpdateCheck = 1410;
				LastUpgradeCheck = 1410;
				TargetAttributes = {
					AA695C9D292BC84E0060E945 = {
						CreatedOnToolsVersion = 14.1;
					};
					AA695CAD292BC8500060E945 = {
						CreatedOnToolsVersion = 14.1;
						TestTargetID = AA695C9D292BC84E0060E945;
					};
					AA695CB7292BC8500060E945 = {
						CreatedOnToolsVersion = 14.1;
						TestTargetID = AA695C9D292BC84E0060E945;
					};
				};
			};
			buildConfigurationList = AA695C99292BC84E0060E945 /* Build configuration list for PBXProject "HighRollers" */;
			compatibilityVersion = "Xcode 14.0";
			developmentRegion = en;
			hasScannedForEncodings = 0;
			knownRegions = (
				en,
				Base,
			);
			mainGroup = AA695C95292BC84E0060E945;
			productRefGroup = AA695C9F292BC84E0060E945 /* Products */;
			projectDirPath = "";
			projectRoot = "";
			targets = (
				AA695C9D292BC84E0060E945 /* HighRollers */,
				AA695CAD292BC8500060E945 /* HighRollersTests */,
				AA695CB7292BC8500060E945 /* HighRollersUITests */,
			);
		};
/* End PBXProject section */

/* Begin PBXResourcesBuildPhase section */
		AA695C9C292BC84E0060E945 /* Resources */ = {
			isa = PBXResourcesBuildPhase;
			buildActionMask = 2147483647;
			files = (
				AA695CA9292BC8500060E945 /* Preview Assets.xcassets in Resources */,
				AA695CA6292BC8500060E945 /* Assets.xcassets in Resources */,
			);
			runOnlyForDeploymentPostprocessing = 0;
		};
		AA695CAC292BC8500060E945 /* Resources */ = {
			isa = PBXResourcesBuildPhase;
			buildActionMask = 2147483647;
			files = (
			);
			runOnlyForDeploymentPostprocessing = 0;
		};
		AA695CB6292BC8500060E945 /* Resources */ = {
			isa = PBXResourcesBuildPhase;
			buildActionMask = 2147483647;
			files = (
			);
			runOnlyForDeploymentPostprocessing = 0;
		};
/* End PBXResourcesBuildPhase section */

/* Begin PBXSourcesBuildPhase section */
		AA695C9A292BC84E0060E945 /* Sources */ = {
			isa = PBXSourcesBuildPhase;
			buildActionMask = 2147483647;
			files = (
				AA695CA4292BC84E0060E945 /* ContentView.swift in Sources */,
				AA695CD0292BD73B0060E945 /* FileManager-DocumentsDirectory.swift in Sources */,
				AA695CCC292BC97E0060E945 /* DiceResult.swift in Sources */,
				AA695CCE292BCAF70060E945 /* DiceRollView.swift in Sources */,
				AA695CA2292BC84E0060E945 /* HighRollersApp.swift in Sources */,
			);
			runOnlyForDeploymentPostprocessing = 0;
		};
		AA695CAA292BC8500060E945 /* Sources */ = {
			isa = PBXSourcesBuildPhase;
			buildActionMask = 2147483647;
			files = (
				AA695CB3292BC8500060E945 /* HighRollersTests.swift in Sources */,
			);
			runOnlyForDeploymentPostprocessing = 0;
		};
		AA695CB4292BC8500060E945 /* Sources */ = {
			isa = PBXSourcesBuildPhase;
			buildActionMask = 2147483647;
			files = (
				AA695CBF292BC8500060E945 /* HighRollersUITestsLaunchTests.swift in Sources */,
				AA695CBD292BC8500060E945 /* HighRollersUITests.swift in Sources */,
			);
			runOnlyForDeploymentPostprocessing = 0;
		};
/* End PBXSourcesBuildPhase section */

/* Begin PBXTargetDependency section */
		AA695CB0292BC8500060E945 /* PBXTargetDependency */ = {
			isa = PBXTargetDependency;
			target = AA695C9D292BC84E0060E945 /* HighRollers */;
			targetProxy = AA695CAF292BC8500060E945 /* PBXContainerItemProxy */;
		};
		AA695CBA292BC8500060E945 /* PBXTargetDependency */ = {
			isa = PBXTargetDependency;
			target = AA695C9D292BC84E0060E945 /* HighRollers */;
			targetProxy = AA695CB9292BC8500060E945 /* PBXContainerItemProxy */;
		};
/* End PBXTargetDependency section */

/* Begin XCBuildConfiguration section */
		AA695CC0292BC8500060E945 /* Debug */ = {
			isa = XCBuildConfiguration;
			buildSettings = {
				ALWAYS_SEARCH_USER_PATHS = NO;
				CLANG_ANALYZER_NONNULL = YES;
				CLANG_ANALYZER_NUMBER_OBJECT_CONVERSION = YES_AGGRESSIVE;
				CLANG_CXX_LANGUAGE_STANDARD = "gnu++20";
				CLANG_ENABLE_MODULES = YES;
				CLANG_ENABLE_OBJC_ARC = YES;
				CLANG_ENABLE_OBJC_WEAK = YES;
				CLANG_WARN_BLOCK_CAPTURE_AUTORELEASING = YES;
				CLANG_WARN_BOOL_CONVERSION = YES;
				CLANG_WARN_COMMA = YES;
				CLANG_WARN_CONSTANT_CONVERSION = YES;
				CLANG_WARN_DEPRECATED_OBJC_IMPLEMENTATIONS = YES;
				CLANG_WARN_DIRECT_OBJC_ISA_USAGE = YES_ERROR;
				CLANG_WARN_DOCUMENTATION_COMMENTS = YES;
				CLANG_WARN_EMPTY_BODY = YES;
				CLANG_WARN_ENUM_CONVERSION = YES;
				CLANG_WARN_INFINITE_RECURSION = YES;
				CLANG_WARN_INT_CONVERSION = YES;
				CLANG_WARN_NON_LITERAL_NULL_CONVERSION = YES;
				CLANG_WARN_OBJC_IMPLICIT_RETAIN_SELF = YES;
				CLANG_WARN_OBJC_LITERAL_CONVERSION = YES;
				CLANG_WARN_OBJC_ROOT_CLASS = YES_ERROR;
				CLANG_WARN_QUOTED_INCLUDE_IN_FRAMEWORK_HEADER = YES;
				CLANG_WARN_RANGE_LOOP_ANALYSIS = YES;
				CLANG_WARN_STRICT_PROTOTYPES = YES;
				CLANG_WARN_SUSPICIOUS_MOVE = YES;
				CLANG_WARN_UNGUARDED_AVAILABILITY = YES_AGGRESSIVE;
				CLANG_WARN_UNREACHABLE_CODE = YES;
				CLANG_WARN__DUPLICATE_METHOD_MATCH = YES;
				COPY_PHASE_STRIP = NO;
				DEBUG_INFORMATION_FORMAT = dwarf;
				ENABLE_STRICT_OBJC_MSGSEND = YES;
				ENABLE_TESTABILITY = YES;
				GCC_C_LANGUAGE_STANDARD = gnu11;
				GCC_DYNAMIC_NO_PIC = NO;
				GCC_NO_COMMON_BLOCKS = YES;
				GCC_OPTIMIZATION_LEVEL = 0;
				GCC_PREPROCESSOR_DEFINITIONS = (
					"DEBUG=1",
					"$(inherited)",
				);
				GCC_WARN_64_TO_32_BIT_CONVERSION = YES;
				GCC_WARN_ABOUT_RETURN_TYPE = YES_ERROR;
				GCC_WARN_UNDECLARED_SELECTOR = YES;
				GCC_WARN_UNINITIALIZED_AUTOS = YES_AGGRESSIVE;
				GCC_WARN_UNUSED_FUNCTION = YES;
				GCC_WARN_UNUSED_VARIABLE = YES;
				IPHONEOS_DEPLOYMENT_TARGET = 16.1;
				MTL_ENABLE_DEBUG_INFO = INCLUDE_SOURCE;
				MTL_FAST_MATH = YES;
				ONLY_ACTIVE_ARCH = YES;
				SDKROOT = iphoneos;
				SWIFT_ACTIVE_COMPILATION_CONDITIONS = DEBUG;
				SWIFT_OPTIMIZATION_LEVEL = "-Onone";
			};
			name = Debug;
		};
		AA695CC1292BC8500060E945 /* Release */ = {
			isa = XCBuildConfiguration;
			buildSettings = {
				ALWAYS_SEARCH_USER_PATHS = NO;
				CLANG_ANALYZER_NONNULL = YES;
				CLANG_ANALYZER_NUMBER_OBJECT_CONVERSION = YES_AGGRESSIVE;
				CLANG_CXX_LANGUAGE_STANDARD = "gnu++20";
				CLANG_ENABLE_MODULES = YES;
				CLANG_ENABLE_OBJC_ARC = YES;
				CLANG_ENABLE_OBJC_WEAK = YES;
				CLANG_WARN_BLOCK_CAPTURE_AUTORELEASING = YES;
				CLANG_WARN_BOOL_CONVERSION = YES;
				CLANG_WARN_COMMA = YES;
				CLANG_WARN_CONSTANT_CONVERSION = YES;
				CLANG_WARN_DEPRECATED_OBJC_IMPLEMENTATIONS = YES;
				CLANG_WARN_DIRECT_OBJC_ISA_USAGE = YES_ERROR;
				CLANG_WARN_DOCUMENTATION_COMMENTS = YES;
				CLANG_WARN_EMPTY_BODY = YES;
				CLANG_WARN_ENUM_CONVERSION = YES;
				CLANG_WARN_INFINITE_RECURSION = YES;
				CLANG_WARN_INT_CONVERSION = YES;
				CLANG_WARN_NON_LITERAL_NULL_CONVERSION = YES;
				CLANG_WARN_OBJC_IMPLICIT_RETAIN_SELF = YES;
				CLANG_WARN_OBJC_LITERAL_CONVERSION = YES;
				CLANG_WARN_OBJC_ROOT_CLASS = YES_ERROR;
				CLANG_WARN_QUOTED_INCLUDE_IN_FRAMEWORK_HEADER = YES;
				CLANG_WARN_RANGE_LOOP_ANALYSIS = YES;
				CLANG_WARN_STRICT_PROTOTYPES = YES;
				CLANG_WARN_SUSPICIOUS_MOVE = YES;
				CLANG_WARN_UNGUARDED_AVAILABILITY = YES_AGGRESSIVE;
				CLANG_WARN_UNREACHABLE_CODE = YES;
				CLANG_WARN__DUPLICATE_METHOD_MATCH = YES;
				COPY_PHASE_STRIP = NO;
				DEBUG_INFORMATION_FORMAT = "dwarf-with-dsym";
				ENABLE_NS_ASSERTIONS = NO;
				ENABLE_STRICT_OBJC_MSGSEND = YES;
				GCC_C_LANGUAGE_STANDARD = gnu11;
				GCC_NO_COMMON_BLOCKS = YES;
				GCC_WARN_64_TO_32_BIT_CONVERSION = YES;
				GCC_WARN_ABOUT_RETURN_TYPE = YES_ERROR;
				GCC_WARN_UNDECLARED_SELECTOR = YES;
				GCC_WARN_UNINITIALIZED_AUTOS = YES_AGGRESSIVE;
				GCC_WARN_UNUSED_FUNCTION = YES;
				GCC_WARN_UNUSED_VARIABLE = YES;
				IPHONEOS_DEPLOYMENT_TARGET = 16.1;
				MTL_ENABLE_DEBUG_INFO = NO;
				MTL_FAST_MATH = YES;
				SDKROOT = iphoneos;
				SWIFT_COMPILATION_MODE = wholemodule;
				SWIFT_OPTIMIZATION_LEVEL = "-O";
				VALIDATE_PRODUCT = YES;
			};
			name = Release;
		};
		AA695CC3292BC8500060E945 /* Debug */ = {
			isa = XCBuildConfiguration;
			buildSettings = {
				ASSETCATALOG_COMPILER_APPICON_NAME = AppIcon;
				ASSETCATALOG_COMPILER_GLOBAL_ACCENT_COLOR_NAME = AccentColor;
				CODE_SIGN_STYLE = Automatic;
				CURRENT_PROJECT_VERSION = 1;
				DEVELOPMENT_ASSET_PATHS = "\"HighRollers/Preview Content\"";
				ENABLE_PREVIEWS = YES;
				GENERATE_INFOPLIST_FILE = YES;
				INFOPLIST_KEY_UIApplicationSceneManifest_Generation = YES;
				INFOPLIST_KEY_UIApplicationSupportsIndirectInputEvents = YES;
				INFOPLIST_KEY_UILaunchScreen_Generation = YES;
				INFOPLIST_KEY_UISupportedInterfaceOrientations_iPad = "UIInterfaceOrientationPortrait UIInterfaceOrientationPortraitUpsideDown UIInterfaceOrientationLandscapeLeft UIInterfaceOrientationLandscapeRight";
				INFOPLIST_KEY_UISupportedInterfaceOrientations_iPhone = "UIInterfaceOrientationPortrait UIInterfaceOrientationLandscapeLeft UIInterfaceOrientationLandscapeRight";
				LD_RUNPATH_SEARCH_PATHS = (
					"$(inherited)",
					"@executable_path/Frameworks",
				);
				MARKETING_VERSION = 1.0;
				PRODUCT_BUNDLE_IDENTIFIER = ChristianLavelle.HighRollers;
				PRODUCT_NAME = "$(TARGET_NAME)";
				SWIFT_EMIT_LOC_STRINGS = YES;
				SWIFT_VERSION = 5.0;
				TARGETED_DEVICE_FAMILY = "1,2";
			};
			name = Debug;
		};
		AA695CC4292BC8500060E945 /* Release */ = {
			isa = XCBuildConfiguration;
			buildSettings = {
				ASSETCATALOG_COMPILER_APPICON_NAME = AppIcon;
				ASSETCATALOG_COMPILER_GLOBAL_ACCENT_COLOR_NAME = AccentColor;
				CODE_SIGN_STYLE = Automatic;
				CURRENT_PROJECT_VERSION = 1;
				DEVELOPMENT_ASSET_PATHS = "\"HighRollers/Preview Content\"";
				ENABLE_PREVIEWS = YES;
				GENERATE_INFOPLIST_FILE = YES;
				INFOPLIST_KEY_UIApplicationSceneManifest_Generation = YES;
				INFOPLIST_KEY_UIApplicationSupportsIndirectInputEvents = YES;
				INFOPLIST_KEY_UILaunchScreen_Generation = YES;
				INFOPLIST_KEY_UISupportedInterfaceOrientations_iPad = "UIInterfaceOrientationPortrait UIInterfaceOrientationPortraitUpsideDown UIInterfaceOrientationLandscapeLeft UIInterfaceOrientationLandscapeRight";
				INFOPLIST_KEY_UISupportedInterfaceOrientations_iPhone = "UIInterfaceOrientationPortrait UIInterfaceOrientationLandscapeLeft UIInterfaceOrientationLandscapeRight";
				LD_RUNPATH_SEARCH_PATHS = (
					"$(inherited)",
					"@executable_path/Frameworks",
				);
				MARKETING_VERSION = 1.0;
				PRODUCT_BUNDLE_IDENTIFIER = ChristianLavelle.HighRollers;
				PRODUCT_NAME = "$(TARGET_NAME)";
				SWIFT_EMIT_LOC_STRINGS = YES;
				SWIFT_VERSION = 5.0;
				TARGETED_DEVICE_FAMILY = "1,2";
			};
			name = Release;
		};
		AA695CC6292BC8500060E945 /* Debug */ = {
			isa = XCBuildConfiguration;
			buildSettings = {
				ALWAYS_EMBED_SWIFT_STANDARD_LIBRARIES = YES;
				BUNDLE_LOADER = "$(TEST_HOST)";
				CODE_SIGN_STYLE = Automatic;
				CURRENT_PROJECT_VERSION = 1;
				GENERATE_INFOPLIST_FILE = YES;
				IPHONEOS_DEPLOYMENT_TARGET = 16.1;
				MARKETING_VERSION = 1.0;
				PRODUCT_BUNDLE_IDENTIFIER = ChristianLavelle.HighRollersTests;
				PRODUCT_NAME = "$(TARGET_NAME)";
				SWIFT_EMIT_LOC_STRINGS = NO;
				SWIFT_VERSION = 5.0;
				TARGETED_DEVICE_FAMILY = "1,2";
				TEST_HOST = "$(BUILT_PRODUCTS_DIR)/HighRollers.app/$(BUNDLE_EXECUTABLE_FOLDER_PATH)/HighRollers";
			};
			name = Debug;
		};
		AA695CC7292BC8500060E945 /* Release */ = {
			isa = XCBuildConfiguration;
			buildSettings = {
				ALWAYS_EMBED_SWIFT_STANDARD_LIBRARIES = YES;
				BUNDLE_LOADER = "$(TEST_HOST)";
				CODE_SIGN_STYLE = Automatic;
				CURRENT_PROJECT_VERSION = 1;
				GENERATE_INFOPLIST_FILE = YES;
				IPHONEOS_DEPLOYMENT_TARGET = 16.1;
				MARKETING_VERSION = 1.0;
				PRODUCT_BUNDLE_IDENTIFIER = ChristianLavelle.HighRollersTests;
				PRODUCT_NAME = "$(TARGET_NAME)";
				SWIFT_EMIT_LOC_STRINGS = NO;
				SWIFT_VERSION = 5.0;
				TARGETED_DEVICE_FAMILY = "1,2";
				TEST_HOST = "$(BUILT_PRODUCTS_DIR)/HighRollers.app/$(BUNDLE_EXECUTABLE_FOLDER_PATH)/HighRollers";
			};
			name = Release;
		};
		AA695CC9292BC8500060E945 /* Debug */ = {
			isa = XCBuildConfiguration;
			buildSettings = {
				ALWAYS_EMBED_SWIFT_STANDARD_LIBRARIES = YES;
				CODE_SIGN_STYLE = Automatic;
				CURRENT_PROJECT_VERSION = 1;
				GENERATE_INFOPLIST_FILE = YES;
				MARKETING_VERSION = 1.0;
				PRODUCT_BUNDLE_IDENTIFIER = ChristianLavelle.HighRollersUITests;
				PRODUCT_NAME = "$(TARGET_NAME)";
				SWIFT_EMIT_LOC_STRINGS = NO;
				SWIFT_VERSION = 5.0;
				TARGETED_DEVICE_FAMILY = "1,2";
				TEST_TARGET_NAME = HighRollers;
			};
			name = Debug;
		};
		AA695CCA292BC8500060E945 /* Release */ = {
			isa = XCBuildConfiguration;
			buildSettings = {
				ALWAYS_EMBED_SWIFT_STANDARD_LIBRARIES = YES;
				CODE_SIGN_STYLE = Automatic;
				CURRENT_PROJECT_VERSION = 1;
				GENERATE_INFOPLIST_FILE = YES;
				MARKETING_VERSION = 1.0;
				PRODUCT_BUNDLE_IDENTIFIER = ChristianLavelle.HighRollersUITests;
				PRODUCT_NAME = "$(TARGET_NAME)";
				SWIFT_EMIT_LOC_STRINGS = NO;
				SWIFT_VERSION = 5.0;
				TARGETED_DEVICE_FAMILY = "1,2";
				TEST_TARGET_NAME = HighRollers;
			};
			name = Release;
		};
/* End XCBuildConfiguration section */

/* Begin XCConfigurationList section */
		AA695C99292BC84E0060E945 /* Build configuration list for PBXProject "HighRollers" */ = {
			isa = XCConfigurationList;
			buildConfigurations = (
				AA695CC0292BC8500060E945 /* Debug */,
				AA695CC1292BC8500060E945 /* Release */,
			);
			defaultConfigurationIsVisible = 0;
			defaultConfigurationName = Release;
		};
		AA695CC2292BC8500060E945 /* Build configuration list for PBXNativeTarget "HighRollers" */ = {
			isa = XCConfigurationList;
			buildConfigurations = (
				AA695CC3292BC8500060E945 /* Debug */,
				AA695CC4292BC8500060E945 /* Release */,
			);
			defaultConfigurationIsVisible = 0;
			defaultConfigurationName = Release;
		};
		AA695CC5292BC8500060E945 /* Build configuration list for PBXNativeTarget "HighRollersTests" */ = {
			isa = XCConfigurationList;
			buildConfigurations = (
				AA695CC6292BC8500060E945 /* Debug */,
				AA695CC7292BC8500060E945 /* Release */,
			);
			defaultConfigurationIsVisible = 0;
			defaultConfigurationName = Release;
		};
		AA695CC8292BC8500060E945 /* Build configuration list for PBXNativeTarget "HighRollersUITests" */ = {
			isa = XCConfigurationList;
			buildConfigurations = (
				AA695CC9292BC8500060E945 /* Debug */,
				AA695CCA292BC8500060E945 /* Release */,
			);
			defaultConfigurationIsVisible = 0;
			defaultConfigurationName = Release;
		};
/* End XCConfigurationList section */
	};
	rootObject = AA695C96292BC84E0060E945 /* Project object */;
}
