// !$*UTF8*$!
{
	archiveVersion = 1;
	classes = {
	};
	objectVersion = 55;
	objects = {

/* Begin PBXBuildFile section */
		AA956A6828B662E600536948 /* FormatStyle-LocalCurrency.swift in Sources */ = {isa = PBXBuildFile; fileRef = AA956A6728B662E600536948 /* FormatStyle-LocalCurrency.swift */; };
		AA956A6A28B663AD00536948 /* View-ExpenseStyling.swift in Sources */ = {isa = PBXBuildFile; fileRef = AA956A6928B663AD00536948 /* View-ExpenseStyling.swift */; };
		AA956A6E28B668F100536948 /* ExpenseSection.swift in Sources */ = {isa = PBXBuildFile; fileRef = AA956A6D28B668F100536948 /* ExpenseSection.swift */; };
		AAABAACE28B1BE8800BD8CDF /* iExpenseApp.swift in Sources */ = {isa = PBXBuildFile; fileRef = AAABAACD28B1BE8800BD8CDF /* iExpenseApp.swift */; };
		AAABAAD028B1BE8800BD8CDF /* ContentView.swift in Sources */ = {isa = PBXBuildFile; fileRef = AAABAACF28B1BE8800BD8CDF /* ContentView.swift */; };
		AAABAAD228B1BE8900BD8CDF /* Assets.xcassets in Resources */ = {isa = PBXBuildFile; fileRef = AAABAAD128B1BE8900BD8CDF /* Assets.xcassets */; };
		AAABAAD528B1BE8900BD8CDF /* Preview Assets.xcassets in Resources */ = {isa = PBXBuildFile; fileRef = AAABAAD428B1BE8900BD8CDF /* Preview Assets.xcassets */; };
		AAABAADF28B1BE8900BD8CDF /* iExpenseTests.swift in Sources */ = {isa = PBXBuildFile; fileRef = AAABAADE28B1BE8900BD8CDF /* iExpenseTests.swift */; };
		AAABAAE928B1BE8A00BD8CDF /* iExpenseUITests.swift in Sources */ = {isa = PBXBuildFile; fileRef = AAABAAE828B1BE8A00BD8CDF /* iExpenseUITests.swift */; };
		AAABAAEB28B1BE8A00BD8CDF /* iExpenseUITestsLaunchTests.swift in Sources */ = {isa = PBXBuildFile; fileRef = AAABAAEA28B1BE8A00BD8CDF /* iExpenseUITestsLaunchTests.swift */; };
		AAABAB2E28B5B7F800BD8CDF /* ExpenseItem.swift in Sources */ = {isa = PBXBuildFile; fileRef = AAABAB2D28B5B7F800BD8CDF /* ExpenseItem.swift */; };
		AAABAB3028B5BA5F00BD8CDF /* AddView.swift in Sources */ = {isa = PBXBuildFile; fileRef = AAABAB2F28B5BA5F00BD8CDF /* AddView.swift */; };
/* End PBXBuildFile section */

/* Begin PBXContainerItemProxy section */
		AAABAADB28B1BE8900BD8CDF /* PBXContainerItemProxy */ = {
			isa = PBXContainerItemProxy;
			containerPortal = AAABAAC228B1BE8800BD8CDF /* Project object */;
			proxyType = 1;
			remoteGlobalIDString = AAABAAC928B1BE8800BD8CDF;
			remoteInfo = iExpense;
		};
		AAABAAE528B1BE8A00BD8CDF /* PBXContainerItemProxy */ = {
			isa = PBXContainerItemProxy;
			containerPortal = AAABAAC228B1BE8800BD8CDF /* Project object */;
			proxyType = 1;
			remoteGlobalIDString = AAABAAC928B1BE8800BD8CDF;
			remoteInfo = iExpense;
		};
/* End PBXContainerItemProxy section */

/* Begin PBXFileReference section */
		AA956A6728B662E600536948 /* FormatStyle-LocalCurrency.swift */ = {isa = PBXFileReference; lastKnownFileType = sourcecode.swift; path = "FormatStyle-LocalCurrency.swift"; sourceTree = "<group>"; };
		AA956A6928B663AD00536948 /* View-ExpenseStyling.swift */ = {isa = PBXFileReference; lastKnownFileType = sourcecode.swift; path = "View-ExpenseStyling.swift"; sourceTree = "<group>"; };
		AA956A6D28B668F100536948 /* ExpenseSection.swift */ = {isa = PBXFileReference; lastKnownFileType = sourcecode.swift; path = ExpenseSection.swift; sourceTree = "<group>"; };
		AAABAACA28B1BE8800BD8CDF /* iExpense.app */ = {isa = PBXFileReference; explicitFileType = wrapper.application; includeInIndex = 0; path = iExpense.app; sourceTree = BUILT_PRODUCTS_DIR; };
		AAABAACD28B1BE8800BD8CDF /* iExpenseApp.swift */ = {isa = PBXFileReference; lastKnownFileType = sourcecode.swift; path = iExpenseApp.swift; sourceTree = "<group>"; };
		AAABAACF28B1BE8800BD8CDF /* ContentView.swift */ = {isa = PBXFileReference; lastKnownFileType = sourcecode.swift; path = ContentView.swift; sourceTree = "<group>"; };
		AAABAAD128B1BE8900BD8CDF /* Assets.xcassets */ = {isa = PBXFileReference; lastKnownFileType = folder.assetcatalog; path = Assets.xcassets; sourceTree = "<group>"; };
		AAABAAD428B1BE8900BD8CDF /* Preview Assets.xcassets */ = {isa = PBXFileReference; lastKnownFileType = folder.assetcatalog; path = "Preview Assets.xcassets"; sourceTree = "<group>"; };
		AAABAADA28B1BE8900BD8CDF /* iExpenseTests.xctest */ = {isa = PBXFileReference; explicitFileType = wrapper.cfbundle; includeInIndex = 0; path = iExpenseTests.xctest; sourceTree = BUILT_PRODUCTS_DIR; };
		AAABAADE28B1BE8900BD8CDF /* iExpenseTests.swift */ = {isa = PBXFileReference; lastKnownFileType = sourcecode.swift; path = iExpenseTests.swift; sourceTree = "<group>"; };
		AAABAAE428B1BE8A00BD8CDF /* iExpenseUITests.xctest */ = {isa = PBXFileReference; explicitFileType = wrapper.cfbundle; includeInIndex = 0; path = iExpenseUITests.xctest; sourceTree = BUILT_PRODUCTS_DIR; };
		AAABAAE828B1BE8A00BD8CDF /* iExpenseUITests.swift */ = {isa = PBXFileReference; lastKnownFileType = sourcecode.swift; path = iExpenseUITests.swift; sourceTree = "<group>"; };
		AAABAAEA28B1BE8A00BD8CDF /* iExpenseUITestsLaunchTests.swift */ = {isa = PBXFileReference; lastKnownFileType = sourcecode.swift; path = iExpenseUITestsLaunchTests.swift; sourceTree = "<group>"; };
		AAABAB2D28B5B7F800BD8CDF /* ExpenseItem.swift */ = {isa = PBXFileReference; lastKnownFileType = sourcecode.swift; path = ExpenseItem.swift; sourceTree = "<group>"; };
		AAABAB2F28B5BA5F00BD8CDF /* AddView.swift */ = {isa = PBXFileReference; lastKnownFileType = sourcecode.swift; path = AddView.swift; sourceTree = "<group>"; };
/* End PBXFileReference section */

/* Begin PBXFrameworksBuildPhase section */
		AAABAAC728B1BE8800BD8CDF /* Frameworks */ = {
			isa = PBXFrameworksBuildPhase;
			buildActionMask = 2147483647;
			files = (
			);
			runOnlyForDeploymentPostprocessing = 0;
		};
		AAABAAD728B1BE8900BD8CDF /* Frameworks */ = {
			isa = PBXFrameworksBuildPhase;
			buildActionMask = 2147483647;
			files = (
			);
			runOnlyForDeploymentPostprocessing = 0;
		};
		AAABAAE128B1BE8A00BD8CDF /* Frameworks */ = {
			isa = PBXFrameworksBuildPhase;
			buildActionMask = 2147483647;
			files = (
			);
			runOnlyForDeploymentPostprocessing = 0;
		};
/* End PBXFrameworksBuildPhase section */

/* Begin PBXGroup section */
		AAABAAC128B1BE8800BD8CDF = {
			isa = PBXGroup;
			children = (
				AAABAACC28B1BE8800BD8CDF /* iExpense */,
				AAABAADD28B1BE8900BD8CDF /* iExpenseTests */,
				AAABAAE728B1BE8A00BD8CDF /* iExpenseUITests */,
				AAABAACB28B1BE8800BD8CDF /* Products */,
			);
			sourceTree = "<group>";
		};
		AAABAACB28B1BE8800BD8CDF /* Products */ = {
			isa = PBXGroup;
			children = (
				AAABAACA28B1BE8800BD8CDF /* iExpense.app */,
				AAABAADA28B1BE8900BD8CDF /* iExpenseTests.xctest */,
				AAABAAE428B1BE8A00BD8CDF /* iExpenseUITests.xctest */,
			);
			name = Products;
			sourceTree = "<group>";
		};
		AAABAACC28B1BE8800BD8CDF /* iExpense */ = {
			isa = PBXGroup;
			children = (
				AAABAACD28B1BE8800BD8CDF /* iExpenseApp.swift */,
				AAABAACF28B1BE8800BD8CDF /* ContentView.swift */,
				AA956A6D28B668F100536948 /* ExpenseSection.swift */,
				AA956A6728B662E600536948 /* FormatStyle-LocalCurrency.swift */,
				AAABAB2F28B5BA5F00BD8CDF /* AddView.swift */,
				AA956A6928B663AD00536948 /* View-ExpenseStyling.swift */,
				AAABAB2D28B5B7F800BD8CDF /* ExpenseItem.swift */,
				AAABAAD128B1BE8900BD8CDF /* Assets.xcassets */,
				AAABAAD328B1BE8900BD8CDF /* Preview Content */,
			);
			path = iExpense;
			sourceTree = "<group>";
		};
		AAABAAD328B1BE8900BD8CDF /* Preview Content */ = {
			isa = PBXGroup;
			children = (
				AAABAAD428B1BE8900BD8CDF /* Preview Assets.xcassets */,
			);
			path = "Preview Content";
			sourceTree = "<group>";
		};
		AAABAADD28B1BE8900BD8CDF /* iExpenseTests */ = {
			isa = PBXGroup;
			children = (
				AAABAADE28B1BE8900BD8CDF /* iExpenseTests.swift */,
			);
			path = iExpenseTests;
			sourceTree = "<group>";
		};
		AAABAAE728B1BE8A00BD8CDF /* iExpenseUITests */ = {
			isa = PBXGroup;
			children = (
				AAABAAE828B1BE8A00BD8CDF /* iExpenseUITests.swift */,
				AAABAAEA28B1BE8A00BD8CDF /* iExpenseUITestsLaunchTests.swift */,
			);
			path = iExpenseUITests;
			sourceTree = "<group>";
		};
/* End PBXGroup section */

/* Begin PBXNativeTarget section */
		AAABAAC928B1BE8800BD8CDF /* iExpense */ = {
			isa = PBXNativeTarget;
			buildConfigurationList = AAABAAEE28B1BE8A00BD8CDF /* Build configuration list for PBXNativeTarget "iExpense" */;
			buildPhases = (
				AAABAAC628B1BE8800BD8CDF /* Sources */,
				AAABAAC728B1BE8800BD8CDF /* Frameworks */,
				AAABAAC828B1BE8800BD8CDF /* Resources */,
			);
			buildRules = (
			);
			dependencies = (
			);
			name = iExpense;
			productName = iExpense;
			productReference = AAABAACA28B1BE8800BD8CDF /* iExpense.app */;
			productType = "com.apple.product-type.application";
		};
		AAABAAD928B1BE8900BD8CDF /* iExpenseTests */ = {
			isa = PBXNativeTarget;
			buildConfigurationList = AAABAAF128B1BE8A00BD8CDF /* Build configuration list for PBXNativeTarget "iExpenseTests" */;
			buildPhases = (
				AAABAAD628B1BE8900BD8CDF /* Sources */,
				AAABAAD728B1BE8900BD8CDF /* Frameworks */,
				AAABAAD828B1BE8900BD8CDF /* Resources */,
			);
			buildRules = (
			);
			dependencies = (
				AAABAADC28B1BE8900BD8CDF /* PBXTargetDependency */,
			);
			name = iExpenseTests;
			productName = iExpenseTests;
			productReference = AAABAADA28B1BE8900BD8CDF /* iExpenseTests.xctest */;
			productType = "com.apple.product-type.bundle.unit-test";
		};
		AAABAAE328B1BE8A00BD8CDF /* iExpenseUITests */ = {
			isa = PBXNativeTarget;
			buildConfigurationList = AAABAAF428B1BE8A00BD8CDF /* Build configuration list for PBXNativeTarget "iExpenseUITests" */;
			buildPhases = (
				AAABAAE028B1BE8A00BD8CDF /* Sources */,
				AAABAAE128B1BE8A00BD8CDF /* Frameworks */,
				AAABAAE228B1BE8A00BD8CDF /* Resources */,
			);
			buildRules = (
			);
			dependencies = (
				AAABAAE628B1BE8A00BD8CDF /* PBXTargetDependency */,
			);
			name = iExpenseUITests;
			productName = iExpenseUITests;
			productReference = AAABAAE428B1BE8A00BD8CDF /* iExpenseUITests.xctest */;
			productType = "com.apple.product-type.bundle.ui-testing";
		};
/* End PBXNativeTarget section */

/* Begin PBXProject section */
		AAABAAC228B1BE8800BD8CDF /* Project object */ = {
			isa = PBXProject;
			attributes = {
				BuildIndependentTargetsInParallel = 1;
				LastSwiftUpdateCheck = 1340;
				LastUpgradeCheck = 1340;
				TargetAttributes = {
					AAABAAC928B1BE8800BD8CDF = {
						CreatedOnToolsVersion = 13.4.1;
					};
					AAABAAD928B1BE8900BD8CDF = {
						CreatedOnToolsVersion = 13.4.1;
						TestTargetID = AAABAAC928B1BE8800BD8CDF;
					};
					AAABAAE328B1BE8A00BD8CDF = {
						CreatedOnToolsVersion = 13.4.1;
						TestTargetID = AAABAAC928B1BE8800BD8CDF;
					};
				};
			};
			buildConfigurationList = AAABAAC528B1BE8800BD8CDF /* Build configuration list for PBXProject "iExpense" */;
			compatibilityVersion = "Xcode 13.0";
			developmentRegion = en;
			hasScannedForEncodings = 0;
			knownRegions = (
				en,
				Base,
			);
			mainGroup = AAABAAC128B1BE8800BD8CDF;
			productRefGroup = AAABAACB28B1BE8800BD8CDF /* Products */;
			projectDirPath = "";
			projectRoot = "";
			targets = (
				AAABAAC928B1BE8800BD8CDF /* iExpense */,
				AAABAAD928B1BE8900BD8CDF /* iExpenseTests */,
				AAABAAE328B1BE8A00BD8CDF /* iExpenseUITests */,
			);
		};
/* End PBXProject section */

/* Begin PBXResourcesBuildPhase section */
		AAABAAC828B1BE8800BD8CDF /* Resources */ = {
			isa = PBXResourcesBuildPhase;
			buildActionMask = 2147483647;
			files = (
				AAABAAD528B1BE8900BD8CDF /* Preview Assets.xcassets in Resources */,
				AAABAAD228B1BE8900BD8CDF /* Assets.xcassets in Resources */,
			);
			runOnlyForDeploymentPostprocessing = 0;
		};
		AAABAAD828B1BE8900BD8CDF /* Resources */ = {
			isa = PBXResourcesBuildPhase;
			buildActionMask = 2147483647;
			files = (
			);
			runOnlyForDeploymentPostprocessing = 0;
		};
		AAABAAE228B1BE8A00BD8CDF /* Resources */ = {
			isa = PBXResourcesBuildPhase;
			buildActionMask = 2147483647;
			files = (
			);
			runOnlyForDeploymentPostprocessing = 0;
		};
/* End PBXResourcesBuildPhase section */

/* Begin PBXSourcesBuildPhase section */
		AAABAAC628B1BE8800BD8CDF /* Sources */ = {
			isa = PBXSourcesBuildPhase;
			buildActionMask = 2147483647;
			files = (
				AAABAB3028B5BA5F00BD8CDF /* AddView.swift in Sources */,
				AA956A6E28B668F100536948 /* ExpenseSection.swift in Sources */,
				AAABAAD028B1BE8800BD8CDF /* ContentView.swift in Sources */,
				AA956A6828B662E600536948 /* FormatStyle-LocalCurrency.swift in Sources */,
				AAABAB2E28B5B7F800BD8CDF /* ExpenseItem.swift in Sources */,
				AA956A6A28B663AD00536948 /* View-ExpenseStyling.swift in Sources */,
				AAABAACE28B1BE8800BD8CDF /* iExpenseApp.swift in Sources */,
			);
			runOnlyForDeploymentPostprocessing = 0;
		};
		AAABAAD628B1BE8900BD8CDF /* Sources */ = {
			isa = PBXSourcesBuildPhase;
			buildActionMask = 2147483647;
			files = (
				AAABAADF28B1BE8900BD8CDF /* iExpenseTests.swift in Sources */,
			);
			runOnlyForDeploymentPostprocessing = 0;
		};
		AAABAAE028B1BE8A00BD8CDF /* Sources */ = {
			isa = PBXSourcesBuildPhase;
			buildActionMask = 2147483647;
			files = (
				AAABAAEB28B1BE8A00BD8CDF /* iExpenseUITestsLaunchTests.swift in Sources */,
				AAABAAE928B1BE8A00BD8CDF /* iExpenseUITests.swift in Sources */,
			);
			runOnlyForDeploymentPostprocessing = 0;
		};
/* End PBXSourcesBuildPhase section */

/* Begin PBXTargetDependency section */
		AAABAADC28B1BE8900BD8CDF /* PBXTargetDependency */ = {
			isa = PBXTargetDependency;
			target = AAABAAC928B1BE8800BD8CDF /* iExpense */;
			targetProxy = AAABAADB28B1BE8900BD8CDF /* PBXContainerItemProxy */;
		};
		AAABAAE628B1BE8A00BD8CDF /* PBXTargetDependency */ = {
			isa = PBXTargetDependency;
			target = AAABAAC928B1BE8800BD8CDF /* iExpense */;
			targetProxy = AAABAAE528B1BE8A00BD8CDF /* PBXContainerItemProxy */;
		};
/* End PBXTargetDependency section */

/* Begin XCBuildConfiguration section */
		AAABAAEC28B1BE8A00BD8CDF /* Debug */ = {
			isa = XCBuildConfiguration;
			buildSettings = {
				ALWAYS_SEARCH_USER_PATHS = NO;
				CLANG_ANALYZER_NONNULL = YES;
				CLANG_ANALYZER_NUMBER_OBJECT_CONVERSION = YES_AGGRESSIVE;
				CLANG_CXX_LANGUAGE_STANDARD = "gnu++17";
				CLANG_ENABLE_MODULES = YES;
				CLANG_ENABLE_OBJC_ARC = YES;
				CLANG_ENABLE_OBJC_WEAK = YES;
				CLANG_WARN_BLOCK_CAPTURE_AUTORELEASING = YES;
				CLANG_WARN_BOOL_CONVERSION = YES;
				CLANG_WARN_COMMA = YES;
				CLANG_WARN_CONSTANT_CONVERSION = YES;
				CLANG_WARN_DEPRECATED_OBJC_IMPLEMENTATIONS = YES;
				CLANG_WARN_DIRECT_OBJC_ISA_USAGE = YES_ERROR;
				CLANG_WARN_DOCUMENTATION_COMMENTS = YES;
				CLANG_WARN_EMPTY_BODY = YES;
				CLANG_WARN_ENUM_CONVERSION = YES;
				CLANG_WARN_INFINITE_RECURSION = YES;
				CLANG_WARN_INT_CONVERSION = YES;
				CLANG_WARN_NON_LITERAL_NULL_CONVERSION = YES;
				CLANG_WARN_OBJC_IMPLICIT_RETAIN_SELF = YES;
				CLANG_WARN_OBJC_LITERAL_CONVERSION = YES;
				CLANG_WARN_OBJC_ROOT_CLASS = YES_ERROR;
				CLANG_WARN_QUOTED_INCLUDE_IN_FRAMEWORK_HEADER = YES;
				CLANG_WARN_RANGE_LOOP_ANALYSIS = YES;
				CLANG_WARN_STRICT_PROTOTYPES = YES;
				CLANG_WARN_SUSPICIOUS_MOVE = YES;
				CLANG_WARN_UNGUARDED_AVAILABILITY = YES_AGGRESSIVE;
				CLANG_WARN_UNREACHABLE_CODE = YES;
				CLANG_WARN__DUPLICATE_METHOD_MATCH = YES;
				COPY_PHASE_STRIP = NO;
				DEBUG_INFORMATION_FORMAT = dwarf;
				ENABLE_STRICT_OBJC_MSGSEND = YES;
				ENABLE_TESTABILITY = YES;
				GCC_C_LANGUAGE_STANDARD = gnu11;
				GCC_DYNAMIC_NO_PIC = NO;
				GCC_NO_COMMON_BLOCKS = YES;
				GCC_OPTIMIZATION_LEVEL = 0;
				GCC_PREPROCESSOR_DEFINITIONS = (
					"DEBUG=1",
					"$(inherited)",
				);
				GCC_WARN_64_TO_32_BIT_CONVERSION = YES;
				GCC_WARN_ABOUT_RETURN_TYPE = YES_ERROR;
				GCC_WARN_UNDECLARED_SELECTOR = YES;
				GCC_WARN_UNINITIALIZED_AUTOS = YES_AGGRESSIVE;
				GCC_WARN_UNUSED_FUNCTION = YES;
				GCC_WARN_UNUSED_VARIABLE = YES;
				IPHONEOS_DEPLOYMENT_TARGET = 15.5;
				MTL_ENABLE_DEBUG_INFO = INCLUDE_SOURCE;
				MTL_FAST_MATH = YES;
				ONLY_ACTIVE_ARCH = YES;
				SDKROOT = iphoneos;
				SWIFT_ACTIVE_COMPILATION_CONDITIONS = DEBUG;
				SWIFT_OPTIMIZATION_LEVEL = "-Onone";
			};
			name = Debug;
		};
		AAABAAED28B1BE8A00BD8CDF /* Release */ = {
			isa = XCBuildConfiguration;
			buildSettings = {
				ALWAYS_SEARCH_USER_PATHS = NO;
				CLANG_ANALYZER_NONNULL = YES;
				CLANG_ANALYZER_NUMBER_OBJECT_CONVERSION = YES_AGGRESSIVE;
				CLANG_CXX_LANGUAGE_STANDARD = "gnu++17";
				CLANG_ENABLE_MODULES = YES;
				CLANG_ENABLE_OBJC_ARC = YES;
				CLANG_ENABLE_OBJC_WEAK = YES;
				CLANG_WARN_BLOCK_CAPTURE_AUTORELEASING = YES;
				CLANG_WARN_BOOL_CONVERSION = YES;
				CLANG_WARN_COMMA = YES;
				CLANG_WARN_CONSTANT_CONVERSION = YES;
				CLANG_WARN_DEPRECATED_OBJC_IMPLEMENTATIONS = YES;
				CLANG_WARN_DIRECT_OBJC_ISA_USAGE = YES_ERROR;
				CLANG_WARN_DOCUMENTATION_COMMENTS = YES;
				CLANG_WARN_EMPTY_BODY = YES;
				CLANG_WARN_ENUM_CONVERSION = YES;
				CLANG_WARN_INFINITE_RECURSION = YES;
				CLANG_WARN_INT_CONVERSION = YES;
				CLANG_WARN_NON_LITERAL_NULL_CONVERSION = YES;
				CLANG_WARN_OBJC_IMPLICIT_RETAIN_SELF = YES;
				CLANG_WARN_OBJC_LITERAL_CONVERSION = YES;
				CLANG_WARN_OBJC_ROOT_CLASS = YES_ERROR;
				CLANG_WARN_QUOTED_INCLUDE_IN_FRAMEWORK_HEADER = YES;
				CLANG_WARN_RANGE_LOOP_ANALYSIS = YES;
				CLANG_WARN_STRICT_PROTOTYPES = YES;
				CLANG_WARN_SUSPICIOUS_MOVE = YES;
				CLANG_WARN_UNGUARDED_AVAILABILITY = YES_AGGRESSIVE;
				CLANG_WARN_UNREACHABLE_CODE = YES;
				CLANG_WARN__DUPLICATE_METHOD_MATCH = YES;
				COPY_PHASE_STRIP = NO;
				DEBUG_INFORMATION_FORMAT = "dwarf-with-dsym";
				ENABLE_NS_ASSERTIONS = NO;
				ENABLE_STRICT_OBJC_MSGSEND = YES;
				GCC_C_LANGUAGE_STANDARD = gnu11;
				GCC_NO_COMMON_BLOCKS = YES;
				GCC_WARN_64_TO_32_BIT_CONVERSION = YES;
				GCC_WARN_ABOUT_RETURN_TYPE = YES_ERROR;
				GCC_WARN_UNDECLARED_SELECTOR = YES;
				GCC_WARN_UNINITIALIZED_AUTOS = YES_AGGRESSIVE;
				GCC_WARN_UNUSED_FUNCTION = YES;
				GCC_WARN_UNUSED_VARIABLE = YES;
				IPHONEOS_DEPLOYMENT_TARGET = 15.5;
				MTL_ENABLE_DEBUG_INFO = NO;
				MTL_FAST_MATH = YES;
				SDKROOT = iphoneos;
				SWIFT_COMPILATION_MODE = wholemodule;
				SWIFT_OPTIMIZATION_LEVEL = "-O";
				VALIDATE_PRODUCT = YES;
			};
			name = Release;
		};
		AAABAAEF28B1BE8A00BD8CDF /* Debug */ = {
			isa = XCBuildConfiguration;
			buildSettings = {
				ASSETCATALOG_COMPILER_APPICON_NAME = AppIcon;
				ASSETCATALOG_COMPILER_GLOBAL_ACCENT_COLOR_NAME = AccentColor;
				CODE_SIGN_STYLE = Automatic;
				CURRENT_PROJECT_VERSION = 1;
				DEVELOPMENT_ASSET_PATHS = "\"iExpense/Preview Content\"";
				ENABLE_PREVIEWS = YES;
				GENERATE_INFOPLIST_FILE = YES;
				INFOPLIST_KEY_UIApplicationSceneManifest_Generation = YES;
				INFOPLIST_KEY_UIApplicationSupportsIndirectInputEvents = YES;
				INFOPLIST_KEY_UILaunchScreen_Generation = YES;
				INFOPLIST_KEY_UISupportedInterfaceOrientations_iPad = "UIInterfaceOrientationPortrait UIInterfaceOrientationPortraitUpsideDown UIInterfaceOrientationLandscapeLeft UIInterfaceOrientationLandscapeRight";
				INFOPLIST_KEY_UISupportedInterfaceOrientations_iPhone = "UIInterfaceOrientationPortrait UIInterfaceOrientationLandscapeLeft UIInterfaceOrientationLandscapeRight";
				LD_RUNPATH_SEARCH_PATHS = (
					"$(inherited)",
					"@executable_path/Frameworks",
				);
				MARKETING_VERSION = 1.0;
				PRODUCT_BUNDLE_IDENTIFIER = ChristianLavelle.iExpense;
				PRODUCT_NAME = "$(TARGET_NAME)";
				SWIFT_EMIT_LOC_STRINGS = YES;
				SWIFT_VERSION = 5.0;
				TARGETED_DEVICE_FAMILY = "1,2";
			};
			name = Debug;
		};
		AAABAAF028B1BE8A00BD8CDF /* Release */ = {
			isa = XCBuildConfiguration;
			buildSettings = {
				ASSETCATALOG_COMPILER_APPICON_NAME = AppIcon;
				ASSETCATALOG_COMPILER_GLOBAL_ACCENT_COLOR_NAME = AccentColor;
				CODE_SIGN_STYLE = Automatic;
				CURRENT_PROJECT_VERSION = 1;
				DEVELOPMENT_ASSET_PATHS = "\"iExpense/Preview Content\"";
				ENABLE_PREVIEWS = YES;
				GENERATE_INFOPLIST_FILE = YES;
				INFOPLIST_KEY_UIApplicationSceneManifest_Generation = YES;
				INFOPLIST_KEY_UIApplicationSupportsIndirectInputEvents = YES;
				INFOPLIST_KEY_UILaunchScreen_Generation = YES;
				INFOPLIST_KEY_UISupportedInterfaceOrientations_iPad = "UIInterfaceOrientationPortrait UIInterfaceOrientationPortraitUpsideDown UIInterfaceOrientationLandscapeLeft UIInterfaceOrientationLandscapeRight";
				INFOPLIST_KEY_UISupportedInterfaceOrientations_iPhone = "UIInterfaceOrientationPortrait UIInterfaceOrientationLandscapeLeft UIInterfaceOrientationLandscapeRight";
				LD_RUNPATH_SEARCH_PATHS = (
					"$(inherited)",
					"@executable_path/Frameworks",
				);
				MARKETING_VERSION = 1.0;
				PRODUCT_BUNDLE_IDENTIFIER = ChristianLavelle.iExpense;
				PRODUCT_NAME = "$(TARGET_NAME)";
				SWIFT_EMIT_LOC_STRINGS = YES;
				SWIFT_VERSION = 5.0;
				TARGETED_DEVICE_FAMILY = "1,2";
			};
			name = Release;
		};
		AAABAAF228B1BE8A00BD8CDF /* Debug */ = {
			isa = XCBuildConfiguration;
			buildSettings = {
				ALWAYS_EMBED_SWIFT_STANDARD_LIBRARIES = YES;
				BUNDLE_LOADER = "$(TEST_HOST)";
				CODE_SIGN_STYLE = Automatic;
				CURRENT_PROJECT_VERSION = 1;
				GENERATE_INFOPLIST_FILE = YES;
				IPHONEOS_DEPLOYMENT_TARGET = 15.5;
				MARKETING_VERSION = 1.0;
				PRODUCT_BUNDLE_IDENTIFIER = ChristianLavelle.iExpenseTests;
				PRODUCT_NAME = "$(TARGET_NAME)";
				SWIFT_EMIT_LOC_STRINGS = NO;
				SWIFT_VERSION = 5.0;
				TARGETED_DEVICE_FAMILY = "1,2";
				TEST_HOST = "$(BUILT_PRODUCTS_DIR)/iExpense.app/iExpense";
			};
			name = Debug;
		};
		AAABAAF328B1BE8A00BD8CDF /* Release */ = {
			isa = XCBuildConfiguration;
			buildSettings = {
				ALWAYS_EMBED_SWIFT_STANDARD_LIBRARIES = YES;
				BUNDLE_LOADER = "$(TEST_HOST)";
				CODE_SIGN_STYLE = Automatic;
				CURRENT_PROJECT_VERSION = 1;
				GENERATE_INFOPLIST_FILE = YES;
				IPHONEOS_DEPLOYMENT_TARGET = 15.5;
				MARKETING_VERSION = 1.0;
				PRODUCT_BUNDLE_IDENTIFIER = ChristianLavelle.iExpenseTests;
				PRODUCT_NAME = "$(TARGET_NAME)";
				SWIFT_EMIT_LOC_STRINGS = NO;
				SWIFT_VERSION = 5.0;
				TARGETED_DEVICE_FAMILY = "1,2";
				TEST_HOST = "$(BUILT_PRODUCTS_DIR)/iExpense.app/iExpense";
			};
			name = Release;
		};
		AAABAAF528B1BE8A00BD8CDF /* Debug */ = {
			isa = XCBuildConfiguration;
			buildSettings = {
				ALWAYS_EMBED_SWIFT_STANDARD_LIBRARIES = YES;
				CODE_SIGN_STYLE = Automatic;
				CURRENT_PROJECT_VERSION = 1;
				GENERATE_INFOPLIST_FILE = YES;
				MARKETING_VERSION = 1.0;
				PRODUCT_BUNDLE_IDENTIFIER = ChristianLavelle.iExpenseUITests;
				PRODUCT_NAME = "$(TARGET_NAME)";
				SWIFT_EMIT_LOC_STRINGS = NO;
				SWIFT_VERSION = 5.0;
				TARGETED_DEVICE_FAMILY = "1,2";
				TEST_TARGET_NAME = iExpense;
			};
			name = Debug;
		};
		AAABAAF628B1BE8A00BD8CDF /* Release */ = {
			isa = XCBuildConfiguration;
			buildSettings = {
				ALWAYS_EMBED_SWIFT_STANDARD_LIBRARIES = YES;
				CODE_SIGN_STYLE = Automatic;
				CURRENT_PROJECT_VERSION = 1;
				GENERATE_INFOPLIST_FILE = YES;
				MARKETING_VERSION = 1.0;
				PRODUCT_BUNDLE_IDENTIFIER = ChristianLavelle.iExpenseUITests;
				PRODUCT_NAME = "$(TARGET_NAME)";
				SWIFT_EMIT_LOC_STRINGS = NO;
				SWIFT_VERSION = 5.0;
				TARGETED_DEVICE_FAMILY = "1,2";
				TEST_TARGET_NAME = iExpense;
			};
			name = Release;
		};
/* End XCBuildConfiguration section */

/* Begin XCConfigurationList section */
		AAABAAC528B1BE8800BD8CDF /* Build configuration list for PBXProject "iExpense" */ = {
			isa = XCConfigurationList;
			buildConfigurations = (
				AAABAAEC28B1BE8A00BD8CDF /* Debug */,
				AAABAAED28B1BE8A00BD8CDF /* Release */,
			);
			defaultConfigurationIsVisible = 0;
			defaultConfigurationName = Release;
		};
		AAABAAEE28B1BE8A00BD8CDF /* Build configuration list for PBXNativeTarget "iExpense" */ = {
			isa = XCConfigurationList;
			buildConfigurations = (
				AAABAAEF28B1BE8A00BD8CDF /* Debug */,
				AAABAAF028B1BE8A00BD8CDF /* Release */,
			);
			defaultConfigurationIsVisible = 0;
			defaultConfigurationName = Release;
		};
		AAABAAF128B1BE8A00BD8CDF /* Build configuration list for PBXNativeTarget "iExpenseTests" */ = {
			isa = XCConfigurationList;
			buildConfigurations = (
				AAABAAF228B1BE8A00BD8CDF /* Debug */,
				AAABAAF328B1BE8A00BD8CDF /* Release */,
			);
			defaultConfigurationIsVisible = 0;
			defaultConfigurationName = Release;
		};
		AAABAAF428B1BE8A00BD8CDF /* Build configuration list for PBXNativeTarget "iExpenseUITests" */ = {
			isa = XCConfigurationList;
			buildConfigurations = (
				AAABAAF528B1BE8A00BD8CDF /* Debug */,
				AAABAAF628B1BE8A00BD8CDF /* Release */,
			);
			defaultConfigurationIsVisible = 0;
			defaultConfigurationName = Release;
		};
/* End XCConfigurationList section */
	};
	rootObject = AAABAAC228B1BE8800BD8CDF /* Project object */;
}
