// !$*UTF8*$!
{
	archiveVersion = 1;
	classes = {
	};
	objectVersion = 56;
	objects = {

/* Begin PBXBuildFile section */
		AA3EFCB928ECEE0E00388FDA /* InstafilterApp.swift in Sources */ = {isa = PBXBuildFile; fileRef = AA3EFCB828ECEE0E00388FDA /* InstafilterApp.swift */; };
		AA3EFCBB28ECEE0E00388FDA /* ContentView.swift in Sources */ = {isa = PBXBuildFile; fileRef = AA3EFCBA28ECEE0E00388FDA /* ContentView.swift */; };
		AA3EFCBD28ECEE0F00388FDA /* Assets.xcassets in Resources */ = {isa = PBXBuildFile; fileRef = AA3EFCBC28ECEE0F00388FDA /* Assets.xcassets */; };
		AA3EFCC028ECEE0F00388FDA /* Preview Assets.xcassets in Resources */ = {isa = PBXBuildFile; fileRef = AA3EFCBF28ECEE0F00388FDA /* Preview Assets.xcassets */; };
		AA3EFCCA28ECEE0F00388FDA /* InstafilterTests.swift in Sources */ = {isa = PBXBuildFile; fileRef = AA3EFCC928ECEE0F00388FDA /* InstafilterTests.swift */; };
		AA3EFCD428ECEE0F00388FDA /* InstafilterUITests.swift in Sources */ = {isa = PBXBuildFile; fileRef = AA3EFCD328ECEE0F00388FDA /* InstafilterUITests.swift */; };
		AA3EFCD628ECEE0F00388FDA /* InstafilterUITestsLaunchTests.swift in Sources */ = {isa = PBXBuildFile; fileRef = AA3EFCD528ECEE0F00388FDA /* InstafilterUITestsLaunchTests.swift */; };
		AA61AB9D28F9F24B0002F573 /* ImagePicker.swift in Sources */ = {isa = PBXBuildFile; fileRef = AA61AB9C28F9F24B0002F573 /* ImagePicker.swift */; };
		AA9D800328FDEA900060A8A8 /* ImageSaver.swift in Sources */ = {isa = PBXBuildFile; fileRef = AA9D800228FDEA900060A8A8 /* ImageSaver.swift */; };
/* End PBXBuildFile section */

/* Begin PBXContainerItemProxy section */
		AA3EFCC628ECEE0F00388FDA /* PBXContainerItemProxy */ = {
			isa = PBXContainerItemProxy;
			containerPortal = AA3EFCAD28ECEE0E00388FDA /* Project object */;
			proxyType = 1;
			remoteGlobalIDString = AA3EFCB428ECEE0E00388FDA;
			remoteInfo = Instafilter;
		};
		AA3EFCD028ECEE0F00388FDA /* PBXContainerItemProxy */ = {
			isa = PBXContainerItemProxy;
			containerPortal = AA3EFCAD28ECEE0E00388FDA /* Project object */;
			proxyType = 1;
			remoteGlobalIDString = AA3EFCB428ECEE0E00388FDA;
			remoteInfo = Instafilter;
		};
/* End PBXContainerItemProxy section */

/* Begin PBXFileReference section */
		AA3EFCB528ECEE0E00388FDA /* Instafilter.app */ = {isa = PBXFileReference; explicitFileType = wrapper.application; includeInIndex = 0; path = Instafilter.app; sourceTree = BUILT_PRODUCTS_DIR; };
		AA3EFCB828ECEE0E00388FDA /* InstafilterApp.swift */ = {isa = PBXFileReference; lastKnownFileType = sourcecode.swift; path = InstafilterApp.swift; sourceTree = "<group>"; };
		AA3EFCBA28ECEE0E00388FDA /* ContentView.swift */ = {isa = PBXFileReference; lastKnownFileType = sourcecode.swift; path = ContentView.swift; sourceTree = "<group>"; };
		AA3EFCBC28ECEE0F00388FDA /* Assets.xcassets */ = {isa = PBXFileReference; lastKnownFileType = folder.assetcatalog; path = Assets.xcassets; sourceTree = "<group>"; };
		AA3EFCBF28ECEE0F00388FDA /* Preview Assets.xcassets */ = {isa = PBXFileReference; lastKnownFileType = folder.assetcatalog; path = "Preview Assets.xcassets"; sourceTree = "<group>"; };
		AA3EFCC528ECEE0F00388FDA /* InstafilterTests.xctest */ = {isa = PBXFileReference; explicitFileType = wrapper.cfbundle; includeInIndex = 0; path = InstafilterTests.xctest; sourceTree = BUILT_PRODUCTS_DIR; };
		AA3EFCC928ECEE0F00388FDA /* InstafilterTests.swift */ = {isa = PBXFileReference; lastKnownFileType = sourcecode.swift; path = InstafilterTests.swift; sourceTree = "<group>"; };
		AA3EFCCF28ECEE0F00388FDA /* InstafilterUITests.xctest */ = {isa = PBXFileReference; explicitFileType = wrapper.cfbundle; includeInIndex = 0; path = InstafilterUITests.xctest; sourceTree = BUILT_PRODUCTS_DIR; };
		AA3EFCD328ECEE0F00388FDA /* InstafilterUITests.swift */ = {isa = PBXFileReference; lastKnownFileType = sourcecode.swift; path = InstafilterUITests.swift; sourceTree = "<group>"; };
		AA3EFCD528ECEE0F00388FDA /* InstafilterUITestsLaunchTests.swift */ = {isa = PBXFileReference; lastKnownFileType = sourcecode.swift; path = InstafilterUITestsLaunchTests.swift; sourceTree = "<group>"; };
		AA61AB9C28F9F24B0002F573 /* ImagePicker.swift */ = {isa = PBXFileReference; lastKnownFileType = sourcecode.swift; path = ImagePicker.swift; sourceTree = "<group>"; };
		AA9D800228FDEA900060A8A8 /* ImageSaver.swift */ = {isa = PBXFileReference; lastKnownFileType = sourcecode.swift; path = ImageSaver.swift; sourceTree = "<group>"; };
/* End PBXFileReference section */

/* Begin PBXFrameworksBuildPhase section */
		AA3EFCB228ECEE0E00388FDA /* Frameworks */ = {
			isa = PBXFrameworksBuildPhase;
			buildActionMask = 2147483647;
			files = (
			);
			runOnlyForDeploymentPostprocessing = 0;
		};
		AA3EFCC228ECEE0F00388FDA /* Frameworks */ = {
			isa = PBXFrameworksBuildPhase;
			buildActionMask = 2147483647;
			files = (
			);
			runOnlyForDeploymentPostprocessing = 0;
		};
		AA3EFCCC28ECEE0F00388FDA /* Frameworks */ = {
			isa = PBXFrameworksBuildPhase;
			buildActionMask = 2147483647;
			files = (
			);
			runOnlyForDeploymentPostprocessing = 0;
		};
/* End PBXFrameworksBuildPhase section */

/* Begin PBXGroup section */
		AA3EFCAC28ECEE0E00388FDA = {
			isa = PBXGroup;
			children = (
				AA3EFCB728ECEE0E00388FDA /* Instafilter */,
				AA3EFCC828ECEE0F00388FDA /* InstafilterTests */,
				AA3EFCD228ECEE0F00388FDA /* InstafilterUITests */,
				AA3EFCB628ECEE0E00388FDA /* Products */,
			);
			sourceTree = "<group>";
		};
		AA3EFCB628ECEE0E00388FDA /* Products */ = {
			isa = PBXGroup;
			children = (
				AA3EFCB528ECEE0E00388FDA /* Instafilter.app */,
				AA3EFCC528ECEE0F00388FDA /* InstafilterTests.xctest */,
				AA3EFCCF28ECEE0F00388FDA /* InstafilterUITests.xctest */,
			);
			name = Products;
			sourceTree = "<group>";
		};
		AA3EFCB728ECEE0E00388FDA /* Instafilter */ = {
			isa = PBXGroup;
			children = (
				AA3EFCB828ECEE0E00388FDA /* InstafilterApp.swift */,
				AA3EFCBA28ECEE0E00388FDA /* ContentView.swift */,
				AA9D800228FDEA900060A8A8 /* ImageSaver.swift */,
				AA61AB9C28F9F24B0002F573 /* ImagePicker.swift */,
				AA3EFCBC28ECEE0F00388FDA /* Assets.xcassets */,
				AA3EFCBE28ECEE0F00388FDA /* Preview Content */,
			);
			path = Instafilter;
			sourceTree = "<group>";
		};
		AA3EFCBE28ECEE0F00388FDA /* Preview Content */ = {
			isa = PBXGroup;
			children = (
				AA3EFCBF28ECEE0F00388FDA /* Preview Assets.xcassets */,
			);
			path = "Preview Content";
			sourceTree = "<group>";
		};
		AA3EFCC828ECEE0F00388FDA /* InstafilterTests */ = {
			isa = PBXGroup;
			children = (
				AA3EFCC928ECEE0F00388FDA /* InstafilterTests.swift */,
			);
			path = InstafilterTests;
			sourceTree = "<group>";
		};
		AA3EFCD228ECEE0F00388FDA /* InstafilterUITests */ = {
			isa = PBXGroup;
			children = (
				AA3EFCD328ECEE0F00388FDA /* InstafilterUITests.swift */,
				AA3EFCD528ECEE0F00388FDA /* InstafilterUITestsLaunchTests.swift */,
			);
			path = InstafilterUITests;
			sourceTree = "<group>";
		};
/* End PBXGroup section */

/* Begin PBXNativeTarget section */
		AA3EFCB428ECEE0E00388FDA /* Instafilter */ = {
			isa = PBXNativeTarget;
			buildConfigurationList = AA3EFCD928ECEE0F00388FDA /* Build configuration list for PBXNativeTarget "Instafilter" */;
			buildPhases = (
				AA3EFCB128ECEE0E00388FDA /* Sources */,
				AA3EFCB228ECEE0E00388FDA /* Frameworks */,
				AA3EFCB328ECEE0E00388FDA /* Resources */,
			);
			buildRules = (
			);
			dependencies = (
			);
			name = Instafilter;
			productName = Instafilter;
			productReference = AA3EFCB528ECEE0E00388FDA /* Instafilter.app */;
			productType = "com.apple.product-type.application";
		};
		AA3EFCC428ECEE0F00388FDA /* InstafilterTests */ = {
			isa = PBXNativeTarget;
			buildConfigurationList = AA3EFCDC28ECEE0F00388FDA /* Build configuration list for PBXNativeTarget "InstafilterTests" */;
			buildPhases = (
				AA3EFCC128ECEE0F00388FDA /* Sources */,
				AA3EFCC228ECEE0F00388FDA /* Frameworks */,
				AA3EFCC328ECEE0F00388FDA /* Resources */,
			);
			buildRules = (
			);
			dependencies = (
				AA3EFCC728ECEE0F00388FDA /* PBXTargetDependency */,
			);
			name = InstafilterTests;
			productName = InstafilterTests;
			productReference = AA3EFCC528ECEE0F00388FDA /* InstafilterTests.xctest */;
			productType = "com.apple.product-type.bundle.unit-test";
		};
		AA3EFCCE28ECEE0F00388FDA /* InstafilterUITests */ = {
			isa = PBXNativeTarget;
			buildConfigurationList = AA3EFCDF28ECEE0F00388FDA /* Build configuration list for PBXNativeTarget "InstafilterUITests" */;
			buildPhases = (
				AA3EFCCB28ECEE0F00388FDA /* Sources */,
				AA3EFCCC28ECEE0F00388FDA /* Frameworks */,
				AA3EFCCD28ECEE0F00388FDA /* Resources */,
			);
			buildRules = (
			);
			dependencies = (
				AA3EFCD128ECEE0F00388FDA /* PBXTargetDependency */,
			);
			name = InstafilterUITests;
			productName = InstafilterUITests;
			productReference = AA3EFCCF28ECEE0F00388FDA /* InstafilterUITests.xctest */;
			productType = "com.apple.product-type.bundle.ui-testing";
		};
/* End PBXNativeTarget section */

/* Begin PBXProject section */
		AA3EFCAD28ECEE0E00388FDA /* Project object */ = {
			isa = PBXProject;
			attributes = {
				BuildIndependentTargetsInParallel = 1;
				LastSwiftUpdateCheck = 1400;
				LastUpgradeCheck = 1400;
				TargetAttributes = {
					AA3EFCB428ECEE0E00388FDA = {
						CreatedOnToolsVersion = 14.0.1;
					};
					AA3EFCC428ECEE0F00388FDA = {
						CreatedOnToolsVersion = 14.0.1;
						TestTargetID = AA3EFCB428ECEE0E00388FDA;
					};
					AA3EFCCE28ECEE0F00388FDA = {
						CreatedOnToolsVersion = 14.0.1;
						TestTargetID = AA3EFCB428ECEE0E00388FDA;
					};
				};
			};
			buildConfigurationList = AA3EFCB028ECEE0E00388FDA /* Build configuration list for PBXProject "Instafilter" */;
			compatibilityVersion = "Xcode 14.0";
			developmentRegion = en;
			hasScannedForEncodings = 0;
			knownRegions = (
				en,
				Base,
			);
			mainGroup = AA3EFCAC28ECEE0E00388FDA;
			productRefGroup = AA3EFCB628ECEE0E00388FDA /* Products */;
			projectDirPath = "";
			projectRoot = "";
			targets = (
				AA3EFCB428ECEE0E00388FDA /* Instafilter */,
				AA3EFCC428ECEE0F00388FDA /* InstafilterTests */,
				AA3EFCCE28ECEE0F00388FDA /* InstafilterUITests */,
			);
		};
/* End PBXProject section */

/* Begin PBXResourcesBuildPhase section */
		AA3EFCB328ECEE0E00388FDA /* Resources */ = {
			isa = PBXResourcesBuildPhase;
			buildActionMask = 2147483647;
			files = (
				AA3EFCC028ECEE0F00388FDA /* Preview Assets.xcassets in Resources */,
				AA3EFCBD28ECEE0F00388FDA /* Assets.xcassets in Resources */,
			);
			runOnlyForDeploymentPostprocessing = 0;
		};
		AA3EFCC328ECEE0F00388FDA /* Resources */ = {
			isa = PBXResourcesBuildPhase;
			buildActionMask = 2147483647;
			files = (
			);
			runOnlyForDeploymentPostprocessing = 0;
		};
		AA3EFCCD28ECEE0F00388FDA /* Resources */ = {
			isa = PBXResourcesBuildPhase;
			buildActionMask = 2147483647;
			files = (
			);
			runOnlyForDeploymentPostprocessing = 0;
		};
/* End PBXResourcesBuildPhase section */

/* Begin PBXSourcesBuildPhase section */
		AA3EFCB128ECEE0E00388FDA /* Sources */ = {
			isa = PBXSourcesBuildPhase;
			buildActionMask = 2147483647;
			files = (
				AA61AB9D28F9F24B0002F573 /* ImagePicker.swift in Sources */,
				AA3EFCBB28ECEE0E00388FDA /* ContentView.swift in Sources */,
				AA3EFCB928ECEE0E00388FDA /* InstafilterApp.swift in Sources */,
				AA9D800328FDEA900060A8A8 /* ImageSaver.swift in Sources */,
			);
			runOnlyForDeploymentPostprocessing = 0;
		};
		AA3EFCC128ECEE0F00388FDA /* Sources */ = {
			isa = PBXSourcesBuildPhase;
			buildActionMask = 2147483647;
			files = (
				AA3EFCCA28ECEE0F00388FDA /* InstafilterTests.swift in Sources */,
			);
			runOnlyForDeploymentPostprocessing = 0;
		};
		AA3EFCCB28ECEE0F00388FDA /* Sources */ = {
			isa = PBXSourcesBuildPhase;
			buildActionMask = 2147483647;
			files = (
				AA3EFCD628ECEE0F00388FDA /* InstafilterUITestsLaunchTests.swift in Sources */,
				AA3EFCD428ECEE0F00388FDA /* InstafilterUITests.swift in Sources */,
			);
			runOnlyForDeploymentPostprocessing = 0;
		};
/* End PBXSourcesBuildPhase section */

/* Begin PBXTargetDependency section */
		AA3EFCC728ECEE0F00388FDA /* PBXTargetDependency */ = {
			isa = PBXTargetDependency;
			target = AA3EFCB428ECEE0E00388FDA /* Instafilter */;
			targetProxy = AA3EFCC628ECEE0F00388FDA /* PBXContainerItemProxy */;
		};
		AA3EFCD128ECEE0F00388FDA /* PBXTargetDependency */ = {
			isa = PBXTargetDependency;
			target = AA3EFCB428ECEE0E00388FDA /* Instafilter */;
			targetProxy = AA3EFCD028ECEE0F00388FDA /* PBXContainerItemProxy */;
		};
/* End PBXTargetDependency section */

/* Begin XCBuildConfiguration section */
		AA3EFCD728ECEE0F00388FDA /* Debug */ = {
			isa = XCBuildConfiguration;
			buildSettings = {
				ALWAYS_SEARCH_USER_PATHS = NO;
				CLANG_ANALYZER_NONNULL = YES;
				CLANG_ANALYZER_NUMBER_OBJECT_CONVERSION = YES_AGGRESSIVE;
				CLANG_CXX_LANGUAGE_STANDARD = "gnu++20";
				CLANG_ENABLE_MODULES = YES;
				CLANG_ENABLE_OBJC_ARC = YES;
				CLANG_ENABLE_OBJC_WEAK = YES;
				CLANG_WARN_BLOCK_CAPTURE_AUTORELEASING = YES;
				CLANG_WARN_BOOL_CONVERSION = YES;
				CLANG_WARN_COMMA = YES;
				CLANG_WARN_CONSTANT_CONVERSION = YES;
				CLANG_WARN_DEPRECATED_OBJC_IMPLEMENTATIONS = YES;
				CLANG_WARN_DIRECT_OBJC_ISA_USAGE = YES_ERROR;
				CLANG_WARN_DOCUMENTATION_COMMENTS = YES;
				CLANG_WARN_EMPTY_BODY = YES;
				CLANG_WARN_ENUM_CONVERSION = YES;
				CLANG_WARN_INFINITE_RECURSION = YES;
				CLANG_WARN_INT_CONVERSION = YES;
				CLANG_WARN_NON_LITERAL_NULL_CONVERSION = YES;
				CLANG_WARN_OBJC_IMPLICIT_RETAIN_SELF = YES;
				CLANG_WARN_OBJC_LITERAL_CONVERSION = YES;
				CLANG_WARN_OBJC_ROOT_CLASS = YES_ERROR;
				CLANG_WARN_QUOTED_INCLUDE_IN_FRAMEWORK_HEADER = YES;
				CLANG_WARN_RANGE_LOOP_ANALYSIS = YES;
				CLANG_WARN_STRICT_PROTOTYPES = YES;
				CLANG_WARN_SUSPICIOUS_MOVE = YES;
				CLANG_WARN_UNGUARDED_AVAILABILITY = YES_AGGRESSIVE;
				CLANG_WARN_UNREACHABLE_CODE = YES;
				CLANG_WARN__DUPLICATE_METHOD_MATCH = YES;
				COPY_PHASE_STRIP = NO;
				DEBUG_INFORMATION_FORMAT = dwarf;
				ENABLE_STRICT_OBJC_MSGSEND = YES;
				ENABLE_TESTABILITY = YES;
				GCC_C_LANGUAGE_STANDARD = gnu11;
				GCC_DYNAMIC_NO_PIC = NO;
				GCC_NO_COMMON_BLOCKS = YES;
				GCC_OPTIMIZATION_LEVEL = 0;
				GCC_PREPROCESSOR_DEFINITIONS = (
					"DEBUG=1",
					"$(inherited)",
				);
				GCC_WARN_64_TO_32_BIT_CONVERSION = YES;
				GCC_WARN_ABOUT_RETURN_TYPE = YES_ERROR;
				GCC_WARN_UNDECLARED_SELECTOR = YES;
				GCC_WARN_UNINITIALIZED_AUTOS = YES_AGGRESSIVE;
				GCC_WARN_UNUSED_FUNCTION = YES;
				GCC_WARN_UNUSED_VARIABLE = YES;
				IPHONEOS_DEPLOYMENT_TARGET = 16.0;
				MTL_ENABLE_DEBUG_INFO = INCLUDE_SOURCE;
				MTL_FAST_MATH = YES;
				ONLY_ACTIVE_ARCH = YES;
				SDKROOT = iphoneos;
				SWIFT_ACTIVE_COMPILATION_CONDITIONS = DEBUG;
				SWIFT_OPTIMIZATION_LEVEL = "-Onone";
			};
			name = Debug;
		};
		AA3EFCD828ECEE0F00388FDA /* Release */ = {
			isa = XCBuildConfiguration;
			buildSettings = {
				ALWAYS_SEARCH_USER_PATHS = NO;
				CLANG_ANALYZER_NONNULL = YES;
				CLANG_ANALYZER_NUMBER_OBJECT_CONVERSION = YES_AGGRESSIVE;
				CLANG_CXX_LANGUAGE_STANDARD = "gnu++20";
				CLANG_ENABLE_MODULES = YES;
				CLANG_ENABLE_OBJC_ARC = YES;
				CLANG_ENABLE_OBJC_WEAK = YES;
				CLANG_WARN_BLOCK_CAPTURE_AUTORELEASING = YES;
				CLANG_WARN_BOOL_CONVERSION = YES;
				CLANG_WARN_COMMA = YES;
				CLANG_WARN_CONSTANT_CONVERSION = YES;
				CLANG_WARN_DEPRECATED_OBJC_IMPLEMENTATIONS = YES;
				CLANG_WARN_DIRECT_OBJC_ISA_USAGE = YES_ERROR;
				CLANG_WARN_DOCUMENTATION_COMMENTS = YES;
				CLANG_WARN_EMPTY_BODY = YES;
				CLANG_WARN_ENUM_CONVERSION = YES;
				CLANG_WARN_INFINITE_RECURSION = YES;
				CLANG_WARN_INT_CONVERSION = YES;
				CLANG_WARN_NON_LITERAL_NULL_CONVERSION = YES;
				CLANG_WARN_OBJC_IMPLICIT_RETAIN_SELF = YES;
				CLANG_WARN_OBJC_LITERAL_CONVERSION = YES;
				CLANG_WARN_OBJC_ROOT_CLASS = YES_ERROR;
				CLANG_WARN_QUOTED_INCLUDE_IN_FRAMEWORK_HEADER = YES;
				CLANG_WARN_RANGE_LOOP_ANALYSIS = YES;
				CLANG_WARN_STRICT_PROTOTYPES = YES;
				CLANG_WARN_SUSPICIOUS_MOVE = YES;
				CLANG_WARN_UNGUARDED_AVAILABILITY = YES_AGGRESSIVE;
				CLANG_WARN_UNREACHABLE_CODE = YES;
				CLANG_WARN__DUPLICATE_METHOD_MATCH = YES;
				COPY_PHASE_STRIP = NO;
				DEBUG_INFORMATION_FORMAT = "dwarf-with-dsym";
				ENABLE_NS_ASSERTIONS = NO;
				ENABLE_STRICT_OBJC_MSGSEND = YES;
				GCC_C_LANGUAGE_STANDARD = gnu11;
				GCC_NO_COMMON_BLOCKS = YES;
				GCC_WARN_64_TO_32_BIT_CONVERSION = YES;
				GCC_WARN_ABOUT_RETURN_TYPE = YES_ERROR;
				GCC_WARN_UNDECLARED_SELECTOR = YES;
				GCC_WARN_UNINITIALIZED_AUTOS = YES_AGGRESSIVE;
				GCC_WARN_UNUSED_FUNCTION = YES;
				GCC_WARN_UNUSED_VARIABLE = YES;
				IPHONEOS_DEPLOYMENT_TARGET = 16.0;
				MTL_ENABLE_DEBUG_INFO = NO;
				MTL_FAST_MATH = YES;
				SDKROOT = iphoneos;
				SWIFT_COMPILATION_MODE = wholemodule;
				SWIFT_OPTIMIZATION_LEVEL = "-O";
				VALIDATE_PRODUCT = YES;
			};
			name = Release;
		};
		AA3EFCDA28ECEE0F00388FDA /* Debug */ = {
			isa = XCBuildConfiguration;
			buildSettings = {
				ASSETCATALOG_COMPILER_APPICON_NAME = AppIcon;
				ASSETCATALOG_COMPILER_GLOBAL_ACCENT_COLOR_NAME = AccentColor;
				CODE_SIGN_STYLE = Automatic;
				CURRENT_PROJECT_VERSION = 1;
				DEVELOPMENT_ASSET_PATHS = "\"Instafilter/Preview Content\"";
				ENABLE_PREVIEWS = YES;
				GENERATE_INFOPLIST_FILE = YES;
				INFOPLIST_KEY_NSPhotoLibraryAddUsageDescription = "Save your edited image to Photos.";
				INFOPLIST_KEY_UIApplicationSceneManifest_Generation = YES;
				INFOPLIST_KEY_UIApplicationSupportsIndirectInputEvents = YES;
				INFOPLIST_KEY_UILaunchScreen_Generation = YES;
				INFOPLIST_KEY_UISupportedInterfaceOrientations_iPad = "UIInterfaceOrientationPortrait UIInterfaceOrientationPortraitUpsideDown UIInterfaceOrientationLandscapeLeft UIInterfaceOrientationLandscapeRight";
				INFOPLIST_KEY_UISupportedInterfaceOrientations_iPhone = "UIInterfaceOrientationPortrait UIInterfaceOrientationLandscapeLeft UIInterfaceOrientationLandscapeRight";
				LD_RUNPATH_SEARCH_PATHS = (
					"$(inherited)",
					"@executable_path/Frameworks",
				);
				MARKETING_VERSION = 1.0;
				PRODUCT_BUNDLE_IDENTIFIER = ChristianLavelle.Instafilter;
				PRODUCT_NAME = "$(TARGET_NAME)";
				SWIFT_EMIT_LOC_STRINGS = YES;
				SWIFT_VERSION = 5.0;
				TARGETED_DEVICE_FAMILY = "1,2";
			};
			name = Debug;
		};
		AA3EFCDB28ECEE0F00388FDA /* Release */ = {
			isa = XCBuildConfiguration;
			buildSettings = {
				ASSETCATALOG_COMPILER_APPICON_NAME = AppIcon;
				ASSETCATALOG_COMPILER_GLOBAL_ACCENT_COLOR_NAME = AccentColor;
				CODE_SIGN_STYLE = Automatic;
				CURRENT_PROJECT_VERSION = 1;
				DEVELOPMENT_ASSET_PATHS = "\"Instafilter/Preview Content\"";
				ENABLE_PREVIEWS = YES;
				GENERATE_INFOPLIST_FILE = YES;
				INFOPLIST_KEY_NSPhotoLibraryAddUsageDescription = "Save your edited image to Photos.";
				INFOPLIST_KEY_UIApplicationSceneManifest_Generation = YES;
				INFOPLIST_KEY_UIApplicationSupportsIndirectInputEvents = YES;
				INFOPLIST_KEY_UILaunchScreen_Generation = YES;
				INFOPLIST_KEY_UISupportedInterfaceOrientations_iPad = "UIInterfaceOrientationPortrait UIInterfaceOrientationPortraitUpsideDown UIInterfaceOrientationLandscapeLeft UIInterfaceOrientationLandscapeRight";
				INFOPLIST_KEY_UISupportedInterfaceOrientations_iPhone = "UIInterfaceOrientationPortrait UIInterfaceOrientationLandscapeLeft UIInterfaceOrientationLandscapeRight";
				LD_RUNPATH_SEARCH_PATHS = (
					"$(inherited)",
					"@executable_path/Frameworks",
				);
				MARKETING_VERSION = 1.0;
				PRODUCT_BUNDLE_IDENTIFIER = ChristianLavelle.Instafilter;
				PRODUCT_NAME = "$(TARGET_NAME)";
				SWIFT_EMIT_LOC_STRINGS = YES;
				SWIFT_VERSION = 5.0;
				TARGETED_DEVICE_FAMILY = "1,2";
			};
			name = Release;
		};
		AA3EFCDD28ECEE0F00388FDA /* Debug */ = {
			isa = XCBuildConfiguration;
			buildSettings = {
				ALWAYS_EMBED_SWIFT_STANDARD_LIBRARIES = YES;
				BUNDLE_LOADER = "$(TEST_HOST)";
				CODE_SIGN_STYLE = Automatic;
				CURRENT_PROJECT_VERSION = 1;
				GENERATE_INFOPLIST_FILE = YES;
				IPHONEOS_DEPLOYMENT_TARGET = 16.0;
				MARKETING_VERSION = 1.0;
				PRODUCT_BUNDLE_IDENTIFIER = ChristianLavelle.InstafilterTests;
				PRODUCT_NAME = "$(TARGET_NAME)";
				SWIFT_EMIT_LOC_STRINGS = NO;
				SWIFT_VERSION = 5.0;
				TARGETED_DEVICE_FAMILY = "1,2";
				TEST_HOST = "$(BUILT_PRODUCTS_DIR)/Instafilter.app/$(BUNDLE_EXECUTABLE_FOLDER_PATH)/Instafilter";
			};
			name = Debug;
		};
		AA3EFCDE28ECEE0F00388FDA /* Release */ = {
			isa = XCBuildConfiguration;
			buildSettings = {
				ALWAYS_EMBED_SWIFT_STANDARD_LIBRARIES = YES;
				BUNDLE_LOADER = "$(TEST_HOST)";
				CODE_SIGN_STYLE = Automatic;
				CURRENT_PROJECT_VERSION = 1;
				GENERATE_INFOPLIST_FILE = YES;
				IPHONEOS_DEPLOYMENT_TARGET = 16.0;
				MARKETING_VERSION = 1.0;
				PRODUCT_BUNDLE_IDENTIFIER = ChristianLavelle.InstafilterTests;
				PRODUCT_NAME = "$(TARGET_NAME)";
				SWIFT_EMIT_LOC_STRINGS = NO;
				SWIFT_VERSION = 5.0;
				TARGETED_DEVICE_FAMILY = "1,2";
				TEST_HOST = "$(BUILT_PRODUCTS_DIR)/Instafilter.app/$(BUNDLE_EXECUTABLE_FOLDER_PATH)/Instafilter";
			};
			name = Release;
		};
		AA3EFCE028ECEE0F00388FDA /* Debug */ = {
			isa = XCBuildConfiguration;
			buildSettings = {
				ALWAYS_EMBED_SWIFT_STANDARD_LIBRARIES = YES;
				CODE_SIGN_STYLE = Automatic;
				CURRENT_PROJECT_VERSION = 1;
				GENERATE_INFOPLIST_FILE = YES;
				MARKETING_VERSION = 1.0;
				PRODUCT_BUNDLE_IDENTIFIER = ChristianLavelle.InstafilterUITests;
				PRODUCT_NAME = "$(TARGET_NAME)";
				SWIFT_EMIT_LOC_STRINGS = NO;
				SWIFT_VERSION = 5.0;
				TARGETED_DEVICE_FAMILY = "1,2";
				TEST_TARGET_NAME = Instafilter;
			};
			name = Debug;
		};
		AA3EFCE128ECEE0F00388FDA /* Release */ = {
			isa = XCBuildConfiguration;
			buildSettings = {
				ALWAYS_EMBED_SWIFT_STANDARD_LIBRARIES = YES;
				CODE_SIGN_STYLE = Automatic;
				CURRENT_PROJECT_VERSION = 1;
				GENERATE_INFOPLIST_FILE = YES;
				MARKETING_VERSION = 1.0;
				PRODUCT_BUNDLE_IDENTIFIER = ChristianLavelle.InstafilterUITests;
				PRODUCT_NAME = "$(TARGET_NAME)";
				SWIFT_EMIT_LOC_STRINGS = NO;
				SWIFT_VERSION = 5.0;
				TARGETED_DEVICE_FAMILY = "1,2";
				TEST_TARGET_NAME = Instafilter;
			};
			name = Release;
		};
/* End XCBuildConfiguration section */

/* Begin XCConfigurationList section */
		AA3EFCB028ECEE0E00388FDA /* Build configuration list for PBXProject "Instafilter" */ = {
			isa = XCConfigurationList;
			buildConfigurations = (
				AA3EFCD728ECEE0F00388FDA /* Debug */,
				AA3EFCD828ECEE0F00388FDA /* Release */,
			);
			defaultConfigurationIsVisible = 0;
			defaultConfigurationName = Release;
		};
		AA3EFCD928ECEE0F00388FDA /* Build configuration list for PBXNativeTarget "Instafilter" */ = {
			isa = XCConfigurationList;
			buildConfigurations = (
				AA3EFCDA28ECEE0F00388FDA /* Debug */,
				AA3EFCDB28ECEE0F00388FDA /* Release */,
			);
			defaultConfigurationIsVisible = 0;
			defaultConfigurationName = Release;
		};
		AA3EFCDC28ECEE0F00388FDA /* Build configuration list for PBXNativeTarget "InstafilterTests" */ = {
			isa = XCConfigurationList;
			buildConfigurations = (
				AA3EFCDD28ECEE0F00388FDA /* Debug */,
				AA3EFCDE28ECEE0F00388FDA /* Release */,
			);
			defaultConfigurationIsVisible = 0;
			defaultConfigurationName = Release;
		};
		AA3EFCDF28ECEE0F00388FDA /* Build configuration list for PBXNativeTarget "InstafilterUITests" */ = {
			isa = XCConfigurationList;
			buildConfigurations = (
				AA3EFCE028ECEE0F00388FDA /* Debug */,
				AA3EFCE128ECEE0F00388FDA /* Release */,
			);
			defaultConfigurationIsVisible = 0;
			defaultConfigurationName = Release;
		};
/* End XCConfigurationList section */
	};
	rootObject = AA3EFCAD28ECEE0E00388FDA /* Project object */;
}
